
Microsoft Visual Studio Solution File, Format Version 12.00
# Visual Studio Version 17
VisualStudioVersion = 17.0.31903.59
MinimumVisualStudioVersion = 10.0.40219.1
Project("{2150E333-8FDC-42A3-9474-1A3956D46DE8}") = "src", "src", "{F66D4CAE-BC89-4FE5-B81D-923E7601D331}"
EndProject
Project("{9A19103F-16F7-4668-BE54-9A1E7A4F7556}") = "FiduciaSoftTestTask.Web", "src\FiduciaSoftTestTask.Web\FiduciaSoftTestTask.Web.csproj", "{32941DD6-B932-45B9-8219-831E7EA2E842}"
EndProject
Project("{9A19103F-16F7-4668-BE54-9A1E7A4F7556}") = "FiduciaSoftTestTask.Presentation", "src\FiduciaSoftTestTask.Persistence\FiduciaSoftTestTask.Presentation.csproj", "{53DD2081-7883-4F34-861E-5D41C97F0040}"
EndProject
Project("{FAE04EC0-301F-11D3-BF4B-00C04F79EFBC}") = "FiduciaSoftTestTask.Infrastructure", "FiduciaSoftTestTask.Infrastructure\FiduciaSoftTestTask.Infrastructure.csproj", "{F8B01AF5-ABF3-4F85-BF91-AA45029D010F}"
EndProject
Project("{FAE04EC0-301F-11D3-BF4B-00C04F79EFBC}") = "FiduciaSoftTestTask.Contracts", "FiduciaSoftTestTask.Contracts\FiduciaSoftTestTask.Contracts.csproj", "{BA0D78C2-6A1A-4643-AE3A-5DE69654BE72}"
EndProject
Project("{FAE04EC0-301F-11D3-BF4B-00C04F79EFBC}") = "FiduciaSoftTestTask.Domain.Models", "src\FiduciaSoftTestTask.Domain.Models\FiduciaSoftTestTask.Domain.Models.csproj", "{F7BB5063-BA82-496D-A6AD-47441D271E16}"
EndProject
Global
	GlobalSection(SolutionConfigurationPlatforms) = preSolution
		Debug|Any CPU = Debug|Any CPU
		Release|Any CPU = Release|Any CPU
	EndGlobalSection
	GlobalSection(ProjectConfigurationPlatforms) = postSolution
		{32941DD6-B932-45B9-8219-831E7EA2E842}.Debug|Any CPU.ActiveCfg = Debug|Any CPU
		{32941DD6-B932-45B9-8219-831E7EA2E842}.Debug|Any CPU.Build.0 = Debug|Any CPU
		{32941DD6-B932-45B9-8219-831E7EA2E842}.Release|Any CPU.ActiveCfg = Release|Any CPU
		{32941DD6-B932-45B9-8219-831E7EA2E842}.Release|Any CPU.Build.0 = Release|Any CPU
		{53DD2081-7883-4F34-861E-5D41C97F0040}.Debug|Any CPU.ActiveCfg = Debug|Any CPU
		{53DD2081-7883-4F34-861E-5D41C97F0040}.Debug|Any CPU.Build.0 = Debug|Any CPU
		{53DD2081-7883-4F34-861E-5D41C97F0040}.Release|Any CPU.ActiveCfg = Release|Any CPU
		{53DD2081-7883-4F34-861E-5D41C97F0040}.Release|Any CPU.Build.0 = Release|Any CPU
		{F8B01AF5-ABF3-4F85-BF91-AA45029D010F}.Debug|Any CPU.ActiveCfg = Debug|Any CPU
		{F8B01AF5-ABF3-4F85-BF91-AA45029D010F}.Debug|Any CPU.Build.0 = Debug|Any CPU
		{F8B01AF5-ABF3-4F85-BF91-AA45029D010F}.Release|Any CPU.ActiveCfg = Release|Any CPU
		{F8B01AF5-ABF3-4F85-BF91-AA45029D010F}.Release|Any CPU.Build.0 = Release|Any CPU
		{BA0D78C2-6A1A-4643-AE3A-5DE69654BE72}.Debug|Any CPU.ActiveCfg = Debug|Any CPU
		{BA0D78C2-6A1A-4643-AE3A-5DE69654BE72}.Debug|Any CPU.Build.0 = Debug|Any CPU
		{BA0D78C2-6A1A-4643-AE3A-5DE69654BE72}.Release|Any CPU.ActiveCfg = Release|Any CPU
		{BA0D78C2-6A1A-4643-AE3A-5DE69654BE72}.Release|Any CPU.Build.0 = Release|Any CPU
		{F7BB5063-BA82-496D-A6AD-47441D271E16}.Debug|Any CPU.ActiveCfg = Debug|Any CPU
		{F7BB5063-BA82-496D-A6AD-47441D271E16}.Debug|Any CPU.Build.0 = Debug|Any CPU
		{F7BB5063-BA82-496D-A6AD-47441D271E16}.Release|Any CPU.ActiveCfg = Release|Any CPU
		{F7BB5063-BA82-496D-A6AD-47441D271E16}.Release|Any CPU.Build.0 = Release|Any CPU
	EndGlobalSection
	GlobalSection(SolutionProperties) = preSolution
		HideSolutionNode = FALSE
	EndGlobalSection
	GlobalSection(NestedProjects) = preSolution
		{32941DD6-B932-45B9-8219-831E7EA2E842} = {F66D4CAE-BC89-4FE5-B81D-923E7601D331}
		{53DD2081-7883-4F34-861E-5D41C97F0040} = {F66D4CAE-BC89-4FE5-B81D-923E7601D331}
		{F8B01AF5-ABF3-4F85-BF91-AA45029D010F} = {F66D4CAE-BC89-4FE5-B81D-923E7601D331}
		{BA0D78C2-6A1A-4643-AE3A-5DE69654BE72} = {F66D4CAE-BC89-4FE5-B81D-923E7601D331}
		{F7BB5063-BA82-496D-A6AD-47441D271E16} = {F66D4CAE-BC89-4FE5-B81D-923E7601D331}
	EndGlobalSection
	GlobalSection(ExtensibilityGlobals) = postSolution
		SolutionGuid = {197A96F6-9ECF-414D-AC08-42BF4A35C84A}
	EndGlobalSection
EndGlobal
